# THIS IS AN AUTOGENERATED FILE. DO NOT EDIT THIS FILE DIRECTLY.
# yarn lockfile v1


"@module-federation/runtime-tools@0.1.6":
  version "0.1.6"
  resolved "https://registry.npmjs.org/@module-federation/runtime-tools/-/runtime-tools-0.1.6.tgz#ee9bbe8c6e823b4c641695c91ab0b0bfdc5b3102"
  integrity sha512-7ILVnzMIa0Dlc0Blck5tVZG1tnk1MmLnuZpLOMpbdW+zl+N6wdMjjHMjEZFCUAJh2E5XJ3BREwfX8Ets0nIkLg==
  dependencies:
    "@module-federation/runtime" "0.1.6"
    "@module-federation/webpack-bundler-runtime" "0.1.6"

"@module-federation/runtime@0.1.6":
  version "0.1.6"
  resolved "https://registry.npmjs.org/@module-federation/runtime/-/runtime-0.1.6.tgz#e56adb6bdb0c5264ba5740d0aa64568f19a0c3be"
  integrity sha512-nj6a+yJ+QxmcE89qmrTl4lphBIoAds0PFPVGnqLRWflwAP88jrCcrrTqRhARegkFDL+wE9AE04+h6jzlbIfMKg==
  dependencies:
    "@module-federation/sdk" "0.1.6"

"@module-federation/sdk@0.1.6":
  version "0.1.6"
  resolved "https://registry.npmjs.org/@module-federation/sdk/-/sdk-0.1.6.tgz#4d64b206ef6bddd99ca74680f278a2134a493dd5"
  integrity sha512-qifXpyYLM7abUeEOIfv0oTkguZgRZuwh89YOAYIZJlkP6QbRG7DJMQvtM8X2yHXm9PTk0IYNnOJH0vNQCo6auQ==

"@module-federation/webpack-bundler-runtime@0.1.6":
  version "0.1.6"
  resolved "https://registry.npmjs.org/@module-federation/webpack-bundler-runtime/-/webpack-bundler-runtime-0.1.6.tgz#8520435913ca10e4f259e825d9521002595ba769"
  integrity sha512-K5WhKZ4RVNaMEtfHsd/9CNCgGKB0ipbm/tgweNNeC11mEuBTNxJ09Y630vg3WPkKv9vfMCuXg2p2Dk+Q/KWTSA==
  dependencies:
    "@module-federation/runtime" "0.1.6"
    "@module-federation/sdk" "0.1.6"

"@remix-run/router@1.16.1":
  version "1.16.1"
  resolved "https://registry.npmjs.org/@remix-run/router/-/router-1.16.1.tgz#73db3c48b975eeb06d0006481bde4f5f2d17d1cd"
  integrity sha512-es2g3dq6Nb07iFxGk5GuHN20RwBZOsuDQN7izWIisUcv9r+d2C5jQxqmgkdebXgReWfiyUabcki6Fg77mSNrig==

"@rsbuild/core@^0.7.1":
  version "0.7.1"
  resolved "https://registry.npmjs.org/@rsbuild/core/-/core-0.7.1.tgz#091411b1877f0f0098f354af7c36a035f80b9ecd"
  integrity sha512-zMlCd6D7za0CVJUB4wV+qKPlKx+KYQd5JScadkUUmVa2pbYtqGsl4WL9nh6/EtPHh4+dQ+gWz0Yuv9iQwDTDPQ==
  dependencies:
    "@rsbuild/shared" "0.7.1"
    "@rspack/core" "0.7.0"
    "@swc/helpers" "0.5.3"
    core-js "~3.36.0"
    html-webpack-plugin "npm:html-rspack-plugin@5.7.2"
    postcss "^8.4.38"

"@rsbuild/plugin-react@^0.7.1":
  version "0.7.1"
  resolved "https://registry.npmjs.org/@rsbuild/plugin-react/-/plugin-react-0.7.1.tgz#a2e51de50223710f5f585bbaf2881fa514957e4e"
  integrity sha512-sbLz1VeTtHnGAHBNF1kqzBRx7LbbCz4JwGDd8rxnZ0Kr5ICo/XpKvp33WfEIhyQ0FvTaKfn96htqedqLqzWR1A==
  dependencies:
    "@rsbuild/shared" "0.7.1"
    "@rspack/plugin-react-refresh" "0.7.0"
    react-refresh "^0.14.2"

"@rsbuild/shared@0.7.1":
  version "0.7.1"
  resolved "https://registry.npmjs.org/@rsbuild/shared/-/shared-0.7.1.tgz#63a8498b8db883f290ca7ba9777d2e279b8b362c"
  integrity sha512-AFFIPSyHx45qyBBm33R45IhVG+BeBzBBMvWtYlpFlUPDLcDjWQjpmnv/oN7E39JzXtxiNQUD7cxRG6zgMYdZvQ==
  dependencies:
    "@rspack/core" "0.7.0"
    caniuse-lite "^1.0.30001617"
    html-webpack-plugin "npm:html-rspack-plugin@5.7.2"
    postcss "^8.4.38"
  optionalDependencies:
    fsevents "~2.3.3"

"@rspack/binding-darwin-arm64@0.7.0":
  version "0.7.0"
  resolved "https://registry.npmjs.org/@rspack/binding-darwin-arm64/-/binding-darwin-arm64-0.7.0.tgz#0a76faed0e062ac8a4c5911de9f04c420ce83ba4"
  integrity sha512-vh+7sICv2L4hrtRZcoxwdwHRqKPM88PAtq1CcTkACEohOfxnRSJSfSvVYNMbOpqBkSUOQ6v2V9uy2UThtNqvKg==

"@rspack/binding-darwin-x64@0.7.0":
  version "0.7.0"
  resolved "https://registry.npmjs.org/@rspack/binding-darwin-x64/-/binding-darwin-x64-0.7.0.tgz#9c40fe0212cf3df7c94dd66f91d03a608620f1cc"
  integrity sha512-E7cFk/1oMuAqvIsLCAEzI6p+/W3NoZyfSmjQ1s7MV9ylrPtwwzGnMcEbNzcRkemSw1dhxSzlgKT50cl8Pa+mVg==

"@rspack/binding-linux-arm64-gnu@0.7.0":
  version "0.7.0"
  resolved "https://registry.npmjs.org/@rspack/binding-linux-arm64-gnu/-/binding-linux-arm64-gnu-0.7.0.tgz#5210a4f0af47b074cc7c82d541ae5b31f3fc2b11"
  integrity sha512-jcengiNNBm/5u3gUzVduqMBJ2uzUgUE7e9D4WK/gHXSYkk0m25iLxLhDCSnWQKxAgv8Tu71zkOUsiliZqjqJdA==

"@rspack/binding-linux-arm64-musl@0.7.0":
  version "0.7.0"
  resolved "https://registry.npmjs.org/@rspack/binding-linux-arm64-musl/-/binding-linux-arm64-musl-0.7.0.tgz#56d40e13c81e0983480141626fd786a393d4036c"
  integrity sha512-CHeuGNeztufbHChQ6TyBin4R0iDE0c10J4/7XoX6DiDlDLoFRdB5OF55UeD9g+W/dj1MeZfkW38kezjQdi/vSg==

"@rspack/binding-linux-x64-gnu@0.7.0":
  version "0.7.0"
  resolved "https://registry.npmjs.org/@rspack/binding-linux-x64-gnu/-/binding-linux-x64-gnu-0.7.0.tgz#233063101e721333f0fa25ea093d3e84214b3d18"
  integrity sha512-p0fQaiy9Sdyu3GTd8dfvOeAfyM9y08XuRAQdGDy5AcxZvbHZW/h7Jww5bXdbzIf49p8ojEvLG7qfg953a81n4A==

"@rspack/binding-linux-x64-musl@0.7.0":
  version "0.7.0"
  resolved "https://registry.npmjs.org/@rspack/binding-linux-x64-musl/-/binding-linux-x64-musl-0.7.0.tgz#7d4cfea3b09ff8bb740b8a47731536f15d64242f"
  integrity sha512-+PwF/Kw40i9+zze/Ys2OhyN2fKcnYGo2V3cp9xTn+8R+CzQhZh9cAU/1DVDJpnTs0p9wKktAp8nIQTcVrWzK7A==

"@rspack/binding-win32-arm64-msvc@0.7.0":
  version "0.7.0"
  resolved "https://registry.npmjs.org/@rspack/binding-win32-arm64-msvc/-/binding-win32-arm64-msvc-0.7.0.tgz#49bafaa5dd66a66baf7ae914e59571558115d700"
  integrity sha512-OJj6JHAzdvPeKagLnFcHRTd7/ybERTj7hoAWsagdLsYAB8i/hBIah4U92RArYfQJLkvZbqsiimhGTwTZPh0Miw==

"@rspack/binding-win32-ia32-msvc@0.7.0":
  version "0.7.0"
  resolved "https://registry.npmjs.org/@rspack/binding-win32-ia32-msvc/-/binding-win32-ia32-msvc-0.7.0.tgz#8c18aa8e08bc8801863ea7cd119b46727b3ed051"
  integrity sha512-5WBiRi2rvrBbM5HvIgg4iI2H3S9fz89plczKc676iqwcddUAbYYOhQ311q137KqMo3IZ3LQjVia1wxFaXY9oxw==

"@rspack/binding-win32-x64-msvc@0.7.0":
  version "0.7.0"
  resolved "https://registry.npmjs.org/@rspack/binding-win32-x64-msvc/-/binding-win32-x64-msvc-0.7.0.tgz#bcdef32396b98aaf647f187e9c5bc086455a6197"
  integrity sha512-4j9DFdfEyptC9vNz4CM6IM4z1EInc2dnB3k+YDRtSZDDlOW7jequvhgv+8nSqabeM1sp/GXWkz/rap6jLJKMpA==

"@rspack/binding@0.7.0":
  version "0.7.0"
  resolved "https://registry.npmjs.org/@rspack/binding/-/binding-0.7.0.tgz#c9259dc10b77db20fdaa650f4a0e9d35ef457632"
  integrity sha512-L4bSeF951uJs3e7KakfJJgK0o2TfWsCbaqOQIEa5Aw20olO1I4P7gRK1RZUSlMLXWZ09iF+81Ei7gKQmh1ABLA==
  optionalDependencies:
    "@rspack/binding-darwin-arm64" "0.7.0"
    "@rspack/binding-darwin-x64" "0.7.0"
    "@rspack/binding-linux-arm64-gnu" "0.7.0"
    "@rspack/binding-linux-arm64-musl" "0.7.0"
    "@rspack/binding-linux-x64-gnu" "0.7.0"
    "@rspack/binding-linux-x64-musl" "0.7.0"
    "@rspack/binding-win32-arm64-msvc" "0.7.0"
    "@rspack/binding-win32-ia32-msvc" "0.7.0"
    "@rspack/binding-win32-x64-msvc" "0.7.0"

"@rspack/core@0.7.0":
  version "0.7.0"
  resolved "https://registry.npmjs.org/@rspack/core/-/core-0.7.0.tgz#ac4b2a1cf1bcafa15746d8a6ef3d6eff84ea82ae"
  integrity sha512-1KsI17Ejx5jGrMO+iApvXLfH2l0KDwXhWsLlbvHQ2/RKAx6qjvw8qoE18etBQYEcgh1bzruuRiNBLkKnk5nf7A==
  dependencies:
    "@module-federation/runtime-tools" "0.1.6"
    "@rspack/binding" "0.7.0"
    caniuse-lite "^1.0.30001616"
    tapable "2.2.1"
    webpack-sources "3.2.3"

"@rspack/plugin-react-refresh@0.7.0":
  version "0.7.0"
  resolved "https://registry.npmjs.org/@rspack/plugin-react-refresh/-/plugin-react-refresh-0.7.0.tgz#810199fa9b37b4fc2cc16cd75fce2ff9e56206b6"
  integrity sha512-IRk4W0v0Nc0thxbHz1kordb3Gk8liHPoDY+peDSLSel6847qaoiDM7LhuenZzgHxlPo7ZzmZufdi2o0fyjcN0Q==

"@swc/helpers@0.5.3":
  version "0.5.3"
  resolved "https://registry.npmjs.org/@swc/helpers/-/helpers-0.5.3.tgz#98c6da1e196f5f08f977658b80d6bd941b5f294f"
  integrity sha512-FaruWX6KdudYloq1AHD/4nU+UsMTdNE8CKyrseXWEcgjDAbvkwJg2QGPAnfIJLIWsjZOSPLOAykK6fuYp4vp4A==
  dependencies:
    tslib "^2.4.0"

"@types/prop-types@*":
  version "15.7.12"
  resolved "https://registry.npmjs.org/@types/prop-types/-/prop-types-15.7.12.tgz#12bb1e2be27293c1406acb6af1c3f3a1481d98c6"
  integrity sha512-5zvhXYtRNRluoE/jAp4GVsSduVUzNWKkOZrCDBWYtE7biZywwdC2AcEzg+cSMLFRfVgeAFqpfNabiPjxFddV1Q==

"@types/react-dom@^18.3.0":
  version "18.3.0"
  resolved "https://registry.npmjs.org/@types/react-dom/-/react-dom-18.3.0.tgz#0cbc818755d87066ab6ca74fbedb2547d74a82b0"
  integrity sha512-EhwApuTmMBmXuFOikhQLIBUn6uFg81SwLMOAUgodJF14SOBOCMdU04gDoYi0WOJJHD144TL32z4yDqCW3dnkQg==
  dependencies:
    "@types/react" "*"

"@types/react@*", "@types/react@^18.3.3":
  version "18.3.3"
  resolved "https://registry.npmjs.org/@types/react/-/react-18.3.3.tgz#9679020895318b0915d7a3ab004d92d33375c45f"
  integrity sha512-hti/R0pS0q1/xx+TsI73XIqk26eBsISZ2R0wUijXIngRK9R/e7Xw/cXVxQK7R5JjW+SV4zGcn5hXjudkN/pLIw==
  dependencies:
    "@types/prop-types" "*"
    csstype "^3.0.2"

caniuse-lite@^1.0.30001616, caniuse-lite@^1.0.30001617:
  version "1.0.30001625"
  resolved "https://registry.npmjs.org/caniuse-lite/-/caniuse-lite-1.0.30001625.tgz#ead1b155ea691d6a87938754d3cb119c24465b03"
  integrity sha512-4KE9N2gcRH+HQhpeiRZXd+1niLB/XNLAhSy4z7fI8EzcbcPoAqjNInxVHTiTwWfTIV4w096XG8OtCOCQQKPv3w==

core-js@~3.36.0:
  version "3.36.1"
  resolved "https://registry.npmjs.org/core-js/-/core-js-3.36.1.tgz#c97a7160ebd00b2de19e62f4bbd3406ab720e578"
  integrity sha512-BTvUrwxVBezj5SZ3f10ImnX2oRByMxql3EimVqMysepbC9EeMUOpLwdy6Eoili2x6E4kf+ZUB5k/+Jv55alPfA==

csstype@^3.0.2:
  version "3.1.3"
  resolved "https://registry.npmjs.org/csstype/-/csstype-3.1.3.tgz#d80ff294d114fb0e6ac500fbf85b60137d7eff81"
  integrity sha512-M1uQkMl8rQK/szD0LNhtqxIPLpimGm8sOBwU7lLnCpSbTyY3yeU1Vc7l4KT5zT4s/yOxHH5O7tIuuLOCnLADRw==

fsevents@~2.3.3:
  version "2.3.3"
  resolved "https://registry.npmjs.org/fsevents/-/fsevents-2.3.3.tgz#cac6407785d03675a2a5e1a5305c697b347d90d6"
  integrity sha512-5xoDfX+fL7faATnagmWPpbFtwh/R77WmMMqqHGS65C3vvB0YHrgF+B1YmZ3441tMj5n63k0212XNoJwzlhffQw==

"html-webpack-plugin@npm:html-rspack-plugin@5.7.2":
  version "5.7.2"
  resolved "https://registry.npmjs.org/html-rspack-plugin/-/html-rspack-plugin-5.7.2.tgz#c7bfe54227c38384b790ffc61127ec3161cd9a59"
  integrity sha512-uVXGYq19bcsX7Q/53VqXQjCKXw0eUMHlFGDLTaqzgj/ckverfhZQvXyA6ecFBaF9XUH16jfCTCyALYi0lJcagg==

"js-tokens@^3.0.0 || ^4.0.0":
  version "4.0.0"
  resolved "https://registry.npmjs.org/js-tokens/-/js-tokens-4.0.0.tgz#19203fb59991df98e3a287050d4647cdeaf32499"
  integrity sha512-RdJUflcE3cUzKiMqQgsCu06FPu9UdIJO0beYbPhHN4k6apgJtifcoCtT9bcxOpYBtpD2kCM6Sbzg4CausW/PKQ==

loose-envify@^1.1.0:
  version "1.4.0"
  resolved "https://registry.npmjs.org/loose-envify/-/loose-envify-1.4.0.tgz#71ee51fa7be4caec1a63839f7e682d8132d30caf"
  integrity sha512-lyuxPGr/Wfhrlem2CL/UcnUc1zcqKAImBDzukY7Y5F/yQiNdko6+fRLevlw1HgMySw7f611UIY408EtxRSoK3Q==
  dependencies:
    js-tokens "^3.0.0 || ^4.0.0"

nanoid@^3.3.7:
  version "3.3.7"
  resolved "https://registry.npmjs.org/nanoid/-/nanoid-3.3.7.tgz#d0c301a691bc8d54efa0a2226ccf3fe2fd656bd8"
  integrity sha512-eSRppjcPIatRIMC1U6UngP8XFcz8MQWGQdt1MTBQ7NaAmvXDfvNxbvWV3x2y6CdEUciCSsDHDQZbhYaB8QEo2g==

picocolors@^1.0.0:
  version "1.0.1"
  resolved "https://registry.npmjs.org/picocolors/-/picocolors-1.0.1.tgz#a8ad579b571952f0e5d25892de5445bcfe25aaa1"
  integrity sha512-anP1Z8qwhkbmu7MFP5iTt+wQKXgwzf7zTyGlcdzabySa9vd0Xt392U0rVmz9poOaBj0uHJKyyo9/upk0HrEQew==

postcss@^8.4.38:
  version "8.4.38"
  resolved "https://registry.npmjs.org/postcss/-/postcss-8.4.38.tgz#b387d533baf2054288e337066d81c6bee9db9e0e"
  integrity sha512-Wglpdk03BSfXkHoQa3b/oulrotAkwrlLDRSOb9D0bN86FdRyE9lppSp33aHNPgBa0JKCoB+drFLZkQoRRYae5A==
  dependencies:
    nanoid "^3.3.7"
    picocolors "^1.0.0"
    source-map-js "^1.2.0"

react-dom@^18.3.1:
  version "18.3.1"
  resolved "https://registry.npmjs.org/react-dom/-/react-dom-18.3.1.tgz#c2265d79511b57d479b3dd3fdfa51536494c5cb4"
  integrity sha512-5m4nQKp+rZRb09LNH59GM4BxTh9251/ylbKIbpe7TpGxfJ+9kv6BLkLBXIjjspbgbnIBNqlI23tRnTWT0snUIw==
  dependencies:
    loose-envify "^1.1.0"
    scheduler "^0.23.2"

react-refresh@^0.14.2:
  version "0.14.2"
  resolved "https://registry.npmjs.org/react-refresh/-/react-refresh-0.14.2.tgz#3833da01ce32da470f1f936b9d477da5c7028bf9"
  integrity sha512-jCvmsr+1IUSMUyzOkRcvnVbX3ZYC6g9TDrDbFuFmRDq7PD4yaGbLKNQL6k2jnArV8hjYxh7hVhAZB6s9HDGpZA==

react-router-dom@^6.23.1:
  version "6.23.1"
  resolved "https://registry.npmjs.org/react-router-dom/-/react-router-dom-6.23.1.tgz#30cbf266669693e9492aa4fc0dde2541ab02322f"
  integrity sha512-utP+K+aSTtEdbWpC+4gxhdlPFwuEfDKq8ZrPFU65bbRJY+l706qjR7yaidBpo3MSeA/fzwbXWbKBI6ftOnP3OQ==
  dependencies:
    "@remix-run/router" "1.16.1"
    react-router "6.23.1"

react-router@6.23.1:
  version "6.23.1"
  resolved "https://registry.npmjs.org/react-router/-/react-router-6.23.1.tgz#d08cbdbd9d6aedc13eea6e94bc6d9b29cb1c4be9"
  integrity sha512-fzcOaRF69uvqbbM7OhvQyBTFDVrrGlsFdS3AL+1KfIBtGETibHzi3FkoTRyiDJnWNc2VxrfvR+657ROHjaNjqQ==
  dependencies:
    "@remix-run/router" "1.16.1"

react@^18.3.1:
  version "18.3.1"
  resolved "https://registry.npmjs.org/react/-/react-18.3.1.tgz#49ab892009c53933625bd16b2533fc754cab2891"
  integrity sha512-wS+hAgJShR0KhEvPJArfuPVN1+Hz1t0Y6n5jLrGQbkb4urgPE/0Rve+1kMB1v/oWgHgm4WIcV+i7F2pTVj+2iQ==
  dependencies:
    loose-envify "^1.1.0"

scheduler@^0.23.2:
  version "0.23.2"
  resolved "https://registry.npmjs.org/scheduler/-/scheduler-0.23.2.tgz#414ba64a3b282892e944cf2108ecc078d115cdc3"
  integrity sha512-UOShsPwz7NrMUqhR6t0hWjFduvOzbtv7toDH1/hIrfRNIDBnnBWd0CwJTGvTpngVlmwGCdP9/Zl/tVrDqcuYzQ==
  dependencies:
    loose-envify "^1.1.0"

source-map-js@^1.2.0:
  version "1.2.0"
  resolved "https://registry.npmjs.org/source-map-js/-/source-map-js-1.2.0.tgz#16b809c162517b5b8c3e7dcd315a2a5c2612b2af"
  integrity sha512-itJW8lvSA0TXEphiRoawsCksnlf8SyvmFzIhltqAHluXd88pkCd+cXJVHTDwdCr0IzwptSm035IHQktUu1QUMg==

tapable@2.2.1:
  version "2.2.1"
  resolved "https://registry.npmjs.org/tapable/-/tapable-2.2.1.tgz#1967a73ef4060a82f12ab96af86d52fdb76eeca0"
  integrity sha512-GNzQvQTOIP6RyTfE2Qxb8ZVlNmw0n88vp1szwWRimP02mnTsx3Wtn5qRdqY9w2XduFNUgvOwhNnQsjwCp+kqaQ==

tslib@^2.4.0:
  version "2.6.2"
  resolved "https://registry.npmjs.org/tslib/-/tslib-2.6.2.tgz#703ac29425e7b37cd6fd456e92404d46d1f3e4ae"
  integrity sha512-AEYxH93jGFPn/a2iVAwW87VuUIkR1FVUKB77NwMF7nBTDkDrrT/Hpt/IrCJ0QXhW27jTBDcf5ZY7w6RiqTMw2Q==

webpack-sources@3.2.3:
  version "3.2.3"
  resolved "https://registry.npmjs.org/webpack-sources/-/webpack-sources-3.2.3.tgz#2d4daab8451fd4b240cc27055ff6a0c2ccea0cde"
  integrity sha512-/DyMEOrDgLKKIG0fmvtz+4dUX/3Ghozwgm6iPp8KRhvn+eQf9+Q7GWxVNMk3+uCPWfdXYC4ExGBckIXdFEfH1w==
